// !$*UTF8*$!
{
	archiveVersion = 1;
	classes = {
	};
	objectVersion = 46;
	objects = {

/* Begin PBXBuildFile section */
		CCA3801D19F752CF0042B435 /* AppDelegate.swift in Sources */ = {isa = PBXBuildFile; fileRef = CCA3801C19F752CF0042B435 /* AppDelegate.swift */; };
		CCA3802019F752D10042B435 /* placeiosapp.xcdatamodeld in Sources */ = {isa = PBXBuildFile; fileRef = CCA3801E19F752D00042B435 /* placeiosapp.xcdatamodeld */; };
		CCA3802219F752D10042B435 /* ViewController.swift in Sources */ = {isa = PBXBuildFile; fileRef = CCA3802119F752D10042B435 /* ViewController.swift */; };
		CCA3802519F752D10042B435 /* Main.storyboard in Resources */ = {isa = PBXBuildFile; fileRef = CCA3802319F752D10042B435 /* Main.storyboard */; };
		CCA3802719F752D20042B435 /* Images.xcassets in Resources */ = {isa = PBXBuildFile; fileRef = CCA3802619F752D20042B435 /* Images.xcassets */; };
		CCA3802A19F752D20042B435 /* LaunchScreen.xib in Resources */ = {isa = PBXBuildFile; fileRef = CCA3802819F752D20042B435 /* LaunchScreen.xib */; };
		CCA3803619F752D90042B435 /* placeiosappTests.swift in Sources */ = {isa = PBXBuildFile; fileRef = CCA3803519F752D90042B435 /* placeiosappTests.swift */; };
		CCA3804219F75A430042B435 /* LoginViewController.swift in Sources */ = {isa = PBXBuildFile; fileRef = CCA3804119F75A430042B435 /* LoginViewController.swift */; };
		CCECFDCE19F9F2A90037B4E6 /* LoginUtil.swift in Sources */ = {isa = PBXBuildFile; fileRef = CCECFDCD19F9F2A90037B4E6 /* LoginUtil.swift */; };
/* End PBXBuildFile section */

/* Begin PBXContainerItemProxy section */
		CCA3803019F752D90042B435 /* PBXContainerItemProxy */ = {
			isa = PBXContainerItemProxy;
			containerPortal = CCA3800F19F752CB0042B435 /* Project object */;
			proxyType = 1;
			remoteGlobalIDString = CCA3801619F752CF0042B435;
			remoteInfo = placeiosapp;
		};
/* End PBXContainerItemProxy section */

/* Begin PBXFileReference section */
		CCA3801719F752CF0042B435 /* placeiosapp.app */ = {isa = PBXFileReference; explicitFileType = wrapper.application; includeInIndex = 0; path = placeiosapp.app; sourceTree = BUILT_PRODUCTS_DIR; };
		CCA3801B19F752CF0042B435 /* Info.plist */ = {isa = PBXFileReference; lastKnownFileType = text.plist.xml; path = Info.plist; sourceTree = "<group>"; };
		CCA3801C19F752CF0042B435 /* AppDelegate.swift */ = {isa = PBXFileReference; lastKnownFileType = sourcecode.swift; path = AppDelegate.swift; sourceTree = "<group>"; };
		CCA3801F19F752D00042B435 /* placeiosapp.xcdatamodel */ = {isa = PBXFileReference; lastKnownFileType = wrapper.xcdatamodel; path = placeiosapp.xcdatamodel; sourceTree = "<group>"; };
		CCA3802119F752D10042B435 /* ViewController.swift */ = {isa = PBXFileReference; lastKnownFileType = sourcecode.swift; path = ViewController.swift; sourceTree = "<group>"; };
		CCA3802419F752D10042B435 /* Base */ = {isa = PBXFileReference; lastKnownFileType = file.storyboard; name = Base; path = Base.lproj/Main.storyboard; sourceTree = "<group>"; };
		CCA3802619F752D20042B435 /* Images.xcassets */ = {isa = PBXFileReference; lastKnownFileType = folder.assetcatalog; path = Images.xcassets; sourceTree = "<group>"; };
		CCA3802919F752D20042B435 /* Base */ = {isa = PBXFileReference; lastKnownFileType = file.xib; name = Base; path = Base.lproj/LaunchScreen.xib; sourceTree = "<group>"; };
		CCA3802F19F752D90042B435 /* placeiosappTests.xctest */ = {isa = PBXFileReference; explicitFileType = wrapper.cfbundle; includeInIndex = 0; path = placeiosappTests.xctest; sourceTree = BUILT_PRODUCTS_DIR; };
		CCA3803419F752D90042B435 /* Info.plist */ = {isa = PBXFileReference; lastKnownFileType = text.plist.xml; path = Info.plist; sourceTree = "<group>"; };
		CCA3803519F752D90042B435 /* placeiosappTests.swift */ = {isa = PBXFileReference; lastKnownFileType = sourcecode.swift; path = placeiosappTests.swift; sourceTree = "<group>"; };
		CCA3804119F75A430042B435 /* LoginViewController.swift */ = {isa = PBXFileReference; fileEncoding = 4; lastKnownFileType = sourcecode.swift; name = LoginViewController.swift; path = placeiosapp/login/LoginViewController.swift; sourceTree = "<group>"; };
		CCECFDCD19F9F2A90037B4E6 /* LoginUtil.swift */ = {isa = PBXFileReference; fileEncoding = 4; lastKnownFileType = sourcecode.swift; name = LoginUtil.swift; path = placeiosapp/login/LoginUtil.swift; sourceTree = "<group>"; };
/* End PBXFileReference section */

/* Begin PBXFrameworksBuildPhase section */
		CCA3801419F752CF0042B435 /* Frameworks */ = {
			isa = PBXFrameworksBuildPhase;
			buildActionMask = 2147483647;
			files = (
			);
			runOnlyForDeploymentPostprocessing = 0;
		};
		CCA3802C19F752D90042B435 /* Frameworks */ = {
			isa = PBXFrameworksBuildPhase;
			buildActionMask = 2147483647;
			files = (
			);
			runOnlyForDeploymentPostprocessing = 0;
		};
/* End PBXFrameworksBuildPhase section */

/* Begin PBXGroup section */
		CCA3800E19F752CA0042B435 = {
			isa = PBXGroup;
			children = (
				CCA3804319F75A4B0042B435 /* login */,
				CCA3801919F752CF0042B435 /* placeiosapp */,
				CCA3803219F752D90042B435 /* placeiosappTests */,
				CCA3801819F752CF0042B435 /* Products */,
			);
			sourceTree = "<group>";
		};
		CCA3801819F752CF0042B435 /* Products */ = {
			isa = PBXGroup;
			children = (
				CCA3801719F752CF0042B435 /* placeiosapp.app */,
				CCA3802F19F752D90042B435 /* placeiosappTests.xctest */,
			);
			name = Products;
			sourceTree = "<group>";
		};
		CCA3801919F752CF0042B435 /* placeiosapp */ = {
			isa = PBXGroup;
			children = (
				CCA3801C19F752CF0042B435 /* AppDelegate.swift */,
				CCA3802119F752D10042B435 /* ViewController.swift */,
				CCA3802319F752D10042B435 /* Main.storyboard */,
				CCA3802619F752D20042B435 /* Images.xcassets */,
				CCA3802819F752D20042B435 /* LaunchScreen.xib */,
				CCA3801E19F752D00042B435 /* placeiosapp.xcdatamodeld */,
				CCA3801A19F752CF0042B435 /* Supporting Files */,
			);
			path = placeiosapp;
			sourceTree = "<group>";
		};
		CCA3801A19F752CF0042B435 /* Supporting Files */ = {
			isa = PBXGroup;
			children = (
				CCA3801B19F752CF0042B435 /* Info.plist */,
			);
			name = "Supporting Files";
			sourceTree = "<group>";
		};
		CCA3803219F752D90042B435 /* placeiosappTests */ = {
			isa = PBXGroup;
			children = (
				CCA3803519F752D90042B435 /* placeiosappTests.swift */,
				CCA3803319F752D90042B435 /* Supporting Files */,
			);
			path = placeiosappTests;
			sourceTree = "<group>";
		};
		CCA3803319F752D90042B435 /* Supporting Files */ = {
			isa = PBXGroup;
			children = (
				CCA3803419F752D90042B435 /* Info.plist */,
			);
			name = "Supporting Files";
			sourceTree = "<group>";
		};
		CCA3804319F75A4B0042B435 /* login */ = {
			isa = PBXGroup;
			children = (
				CCA3804119F75A430042B435 /* LoginViewController.swift */,
				CCECFDCD19F9F2A90037B4E6 /* LoginUtil.swift */,
			);
			name = login;
			sourceTree = "<group>";
		};
/* End PBXGroup section */

/* Begin PBXNativeTarget section */
		CCA3801619F752CF0042B435 /* placeiosapp */ = {
			isa = PBXNativeTarget;
			buildConfigurationList = CCA3803919F752E00042B435 /* Build configuration list for PBXNativeTarget "placeiosapp" */;
			buildPhases = (
				CCA3801319F752CF0042B435 /* Sources */,
				CCA3801419F752CF0042B435 /* Frameworks */,
				CCA3801519F752CF0042B435 /* Resources */,
			);
			buildRules = (
			);
			dependencies = (
			);
			name = placeiosapp;
			productName = placeiosapp;
			productReference = CCA3801719F752CF0042B435 /* placeiosapp.app */;
			productType = "com.apple.product-type.application";
		};
		CCA3802E19F752D90042B435 /* placeiosappTests */ = {
			isa = PBXNativeTarget;
			buildConfigurationList = CCA3803C19F752E10042B435 /* Build configuration list for PBXNativeTarget "placeiosappTests" */;
			buildPhases = (
				CCA3802B19F752D90042B435 /* Sources */,
				CCA3802C19F752D90042B435 /* Frameworks */,
				CCA3802D19F752D90042B435 /* Resources */,
			);
			buildRules = (
			);
			dependencies = (
				CCA3803119F752D90042B435 /* PBXTargetDependency */,
			);
			name = placeiosappTests;
			productName = placeiosappTests;
			productReference = CCA3802F19F752D90042B435 /* placeiosappTests.xctest */;
			productType = "com.apple.product-type.bundle.unit-test";
		};
/* End PBXNativeTarget section */

/* Begin PBXProject section */
		CCA3800F19F752CB0042B435 /* Project object */ = {
			isa = PBXProject;
			attributes = {
				LastUpgradeCheck = 0600;
				ORGANIZATIONNAME = Innovatie;
				TargetAttributes = {
					CCA3801619F752CF0042B435 = {
						CreatedOnToolsVersion = 6.0.1;
					};
					CCA3802E19F752D90042B435 = {
						CreatedOnToolsVersion = 6.0.1;
						TestTargetID = CCA3801619F752CF0042B435;
					};
				};
			};
			buildConfigurationList = CCA3801219F752CE0042B435 /* Build configuration list for PBXProject "placeiosapp" */;
			compatibilityVersion = "Xcode 3.2";
			developmentRegion = English;
			hasScannedForEncodings = 0;
			knownRegions = (
				en,
				Base,
			);
			mainGroup = CCA3800E19F752CA0042B435;
			productRefGroup = CCA3801819F752CF0042B435 /* Products */;
			projectDirPath = "";
			projectRoot = "";
			targets = (
				CCA3801619F752CF0042B435 /* placeiosapp */,
				CCA3802E19F752D90042B435 /* placeiosappTests */,
			);
		};
/* End PBXProject section */

/* Begin PBXResourcesBuildPhase section */
		CCA3801519F752CF0042B435 /* Resources */ = {
			isa = PBXResourcesBuildPhase;
			buildActionMask = 2147483647;
			files = (
				CCA3802519F752D10042B435 /* Main.storyboard in Resources */,
				CCA3802A19F752D20042B435 /* LaunchScreen.xib in Resources */,
				CCA3802719F752D20042B435 /* Images.xcassets in Resources */,
			);
			runOnlyForDeploymentPostprocessing = 0;
		};
		CCA3802D19F752D90042B435 /* Resources */ = {
			isa = PBXResourcesBuildPhase;
			buildActionMask = 2147483647;
			files = (
			);
			runOnlyForDeploymentPostprocessing = 0;
		};
/* End PBXResourcesBuildPhase section */

/* Begin PBXSourcesBuildPhase section */
		CCA3801319F752CF0042B435 /* Sources */ = {
			isa = PBXSourcesBuildPhase;
			buildActionMask = 2147483647;
			files = (
				CCA3804219F75A430042B435 /* LoginViewController.swift in Sources */,
				CCA3802219F752D10042B435 /* ViewController.swift in Sources */,
				CCECFDCE19F9F2A90037B4E6 /* LoginUtil.swift in Sources */,
				CCA3801D19F752CF0042B435 /* AppDelegate.swift in Sources */,
				CCA3802019F752D10042B435 /* placeiosapp.xcdatamodeld in Sources */,
			);
			runOnlyForDeploymentPostprocessing = 0;
		};
		CCA3802B19F752D90042B435 /* Sources */ = {
			isa = PBXSourcesBuildPhase;
			buildActionMask = 2147483647;
			files = (
				CCA3803619F752D90042B435 /* placeiosappTests.swift in Sources */,
			);
			runOnlyForDeploymentPostprocessing = 0;
		};
/* End PBXSourcesBuildPhase section */

/* Begin PBXTargetDependency section */
		CCA3803119F752D90042B435 /* PBXTargetDependency */ = {
			isa = PBXTargetDependency;
			target = CCA3801619F752CF0042B435 /* placeiosapp */;
			targetProxy = CCA3803019F752D90042B435 /* PBXContainerItemProxy */;
		};
/* End PBXTargetDependency section */

/* Begin PBXVariantGroup section */
		CCA3802319F752D10042B435 /* Main.storyboard */ = {
			isa = PBXVariantGroup;
			children = (
				CCA3802419F752D10042B435 /* Base */,
			);
			name = Main.storyboard;
			sourceTree = "<group>";
		};
		CCA3802819F752D20042B435 /* LaunchScreen.xib */ = {
			isa = PBXVariantGroup;
			children = (
				CCA3802919F752D20042B435 /* Base */,
			);
			name = LaunchScreen.xib;
			sourceTree = "<group>";
		};
/* End PBXVariantGroup section */

/* Begin XCBuildConfiguration section */
		CCA3803719F752DD0042B435 /* Debug */ = {
			isa = XCBuildConfiguration;
			buildSettings = {
				ALWAYS_SEARCH_USER_PATHS = NO;
				CLANG_CXX_LANGUAGE_STANDARD = "gnu++0x";
				CLANG_CXX_LIBRARY = "libc++";
				CLANG_ENABLE_MODULES = YES;
				CLANG_ENABLE_OBJC_ARC = YES;
				CLANG_WARN_BOOL_CONVERSION = YES;
				CLANG_WARN_CONSTANT_CONVERSION = YES;
				CLANG_WARN_DIRECT_OBJC_ISA_USAGE = YES_ERROR;
				CLANG_WARN_EMPTY_BODY = YES;
				CLANG_WARN_ENUM_CONVERSION = YES;
				CLANG_WARN_INT_CONVERSION = YES;
				CLANG_WARN_OBJC_ROOT_CLASS = YES_ERROR;
				CLANG_WARN_UNREACHABLE_CODE = YES;
				CLANG_WARN__DUPLICATE_METHOD_MATCH = YES;
				"CODE_SIGN_IDENTITY[sdk=iphoneos*]" = "iPhone Developer";
				COPY_PHASE_STRIP = NO;
				ENABLE_STRICT_OBJC_MSGSEND = YES;
				GCC_C_LANGUAGE_STANDARD = gnu99;
				GCC_DYNAMIC_NO_PIC = NO;
				GCC_OPTIMIZATION_LEVEL = 0;
				GCC_PREPROCESSOR_DEFINITIONS = (
					"DEBUG=1",
					"$(inherited)",
				);
				GCC_SYMBOLS_PRIVATE_EXTERN = NO;
				GCC_WARN_64_TO_32_BIT_CONVERSION = YES;
				GCC_WARN_ABOUT_RETURN_TYPE = YES_ERROR;
				GCC_WARN_UNDECLARED_SELECTOR = YES;
				GCC_WARN_UNINITIALIZED_AUTOS = YES_AGGRESSIVE;
				GCC_WARN_UNUSED_FUNCTION = YES;
				GCC_WARN_UNUSED_VARIABLE = YES;
				IPHONEOS_DEPLOYMENT_TARGET = 8.0;
				MTL_ENABLE_DEBUG_INFO = YES;
				ONLY_ACTIVE_ARCH = YES;
				SDKROOT = iphoneos;
				SWIFT_OPTIMIZATION_LEVEL = "-Onone";
			};
			name = Debug;
		};
		CCA3803819F752DD0042B435 /* Release */ = {
			isa = XCBuildConfiguration;
			buildSettings = {
				ALWAYS_SEARCH_USER_PATHS = NO;
				CLANG_CXX_LANGUAGE_STANDARD = "gnu++0x";
				CLANG_CXX_LIBRARY = "libc++";
				CLANG_ENABLE_MODULES = YES;
				CLANG_ENABLE_OBJC_ARC = YES;
				CLANG_WARN_BOOL_CONVERSION = YES;
				CLANG_WARN_CONSTANT_CONVERSION = YES;
				CLANG_WARN_DIRECT_OBJC_ISA_USAGE = YES_ERROR;
				CLANG_WARN_EMPTY_BODY = YES;
				CLANG_WARN_ENUM_CONVERSION = YES;
				CLANG_WARN_INT_CONVERSION = YES;
				CLANG_WARN_OBJC_ROOT_CLASS = YES_ERROR;
				CLANG_WARN_UNREACHABLE_CODE = YES;
				CLANG_WARN__DUPLICATE_METHOD_MATCH = YES;
				"CODE_SIGN_IDENTITY[sdk=iphoneos*]" = "iPhone Developer";
				COPY_PHASE_STRIP = YES;
				ENABLE_NS_ASSERTIONS = NO;
				ENABLE_STRICT_OBJC_MSGSEND = YES;
				GCC_C_LANGUAGE_STANDARD = gnu99;
				GCC_WARN_64_TO_32_BIT_CONVERSION = YES;
				GCC_WARN_ABOUT_RETURN_TYPE = YES_ERROR;
				GCC_WARN_UNDECLARED_SELECTOR = YES;
				GCC_WARN_UNINITIALIZED_AUTOS = YES_AGGRESSIVE;
				GCC_WARN_UNUSED_FUNCTION = YES;
				GCC_WARN_UNUSED_VARIABLE = YES;
				IPHONEOS_DEPLOYMENT_TARGET = 8.0;
				MTL_ENABLE_DEBUG_INFO = NO;
				SDKROOT = iphoneos;
				VALIDATE_PRODUCT = YES;
			};
			name = Release;
		};
		CCA3803A19F752E00042B435 /* Debug */ = {
			isa = XCBuildConfiguration;
			buildSettings = {
				ASSETCATALOG_COMPILER_APPICON_NAME = AppIcon;
				INFOPLIST_FILE = placeiosapp/Info.plist;
				LD_RUNPATH_SEARCH_PATHS = "$(inherited) @executable_path/Frameworks";
				PRODUCT_NAME = "$(TARGET_NAME)";
			};
			name = Debug;
		};
		CCA3803B19F752E00042B435 /* Release */ = {
			isa = XCBuildConfiguration;
			buildSettings = {
				ASSETCATALOG_COMPILER_APPICON_NAME = AppIcon;
				INFOPLIST_FILE = placeiosapp/Info.plist;
				LD_RUNPATH_SEARCH_PATHS = "$(inherited) @executable_path/Frameworks";
				PRODUCT_NAME = "$(TARGET_NAME)";
			};
			name = Release;
		};
		CCA3803D19F752E10042B435 /* Debug */ = {
			isa = XCBuildConfiguration;
			buildSettings = {
				BUNDLE_LOADER = "$(TEST_HOST)";
				FRAMEWORK_SEARCH_PATHS = (
					"$(SDKROOT)/Developer/Library/Frameworks",
					"$(inherited)",
				);
				GCC_PREPROCESSOR_DEFINITIONS = (
					"DEBUG=1",
					"$(inherited)",
				);
				INFOPLIST_FILE = placeiosappTests/Info.plist;
				LD_RUNPATH_SEARCH_PATHS = "$(inherited) @executable_path/Frameworks @loader_path/Frameworks";
				PRODUCT_NAME = "$(TARGET_NAME)";
				TEST_HOST = "$(BUILT_PRODUCTS_DIR)/placeiosapp.app/placeiosapp";
			};
			name = Debug;
		};
		CCA3803E19F752E10042B435 /* Release */ = {
			isa = XCBuildConfiguration;
			buildSettings = {
				BUNDLE_LOADER = "$(TEST_HOST)";
				FRAMEWORK_SEARCH_PATHS = (
					"$(SDKROOT)/Developer/Library/Frameworks",
					"$(inherited)",
				);
				INFOPLIST_FILE = placeiosappTests/Info.plist;
				LD_RUNPATH_SEARCH_PATHS = "$(inherited) @executable_path/Frameworks @loader_path/Frameworks";
				PRODUCT_NAME = "$(TARGET_NAME)";
				TEST_HOST = "$(BUILT_PRODUCTS_DIR)/placeiosapp.app/placeiosapp";
			};
			name = Release;
		};
/* End XCBuildConfiguration section */

/* Begin XCConfigurationList section */
		CCA3801219F752CE0042B435 /* Build configuration list for PBXProject "placeiosapp" */ = {
			isa = XCConfigurationList;
			buildConfigurations = (
				CCA3803719F752DD0042B435 /* Debug */,
				CCA3803819F752DD0042B435 /* Release */,
			);
			defaultConfigurationIsVisible = 0;
			defaultConfigurationName = Release;
		};
		CCA3803919F752E00042B435 /* Build configuration list for PBXNativeTarget "placeiosapp" */ = {
			isa = XCConfigurationList;
			buildConfigurations = (
				CCA3803A19F752E00042B435 /* Debug */,
				CCA3803B19F752E00042B435 /* Release */,
			);
			defaultConfigurationIsVisible = 0;
			defaultConfigurationName = Release;
		};
		CCA3803C19F752E10042B435 /* Build configuration list for PBXNativeTarget "placeiosappTests" */ = {
			isa = XCConfigurationList;
			buildConfigurations = (
				CCA3803D19F752E10042B435 /* Debug */,
				CCA3803E19F752E10042B435 /* Release */,
			);
			defaultConfigurationIsVisible = 0;
			defaultConfigurationName = Release;
		};
/* End XCConfigurationList section */

/* Begin XCVersionGroup section */
		CCA3801E19F752D00042B435 /* placeiosapp.xcdatamodeld */ = {
			isa = XCVersionGroup;
			children = (
				CCA3801F19F752D00042B435 /* placeiosapp.xcdatamodel */,
			);
			currentVersion = CCA3801F19F752D00042B435 /* placeiosapp.xcdatamodel */;
			path = placeiosapp.xcdatamodeld;
			sourceTree = "<group>";
			versionGroupType = wrapper.xcdatamodel;
		};
/* End XCVersionGroup section */
	};
	rootObject = CCA3800F19F752CB0042B435 /* Project object */;
}
